// !$*UTF8*$!
{
	archiveVersion = 1;
	classes = {
	};
	objectVersion = 55;
	objects = {

/* Begin PBXBuildFile section */
		DB06D4A0296B5DEC00AB1516 /* MarqueeLabel in Frameworks */ = {isa = PBXBuildFile; productRef = DB06D49F296B5DEC00AB1516 /* MarqueeLabel */; };
		DB06D4A2296B5E1700AB1516 /* MarqueeView.swift in Sources */ = {isa = PBXBuildFile; fileRef = DB06D4A1296B5E1700AB1516 /* MarqueeView.swift */; };
		DB5CFE7D2965DA8C00E5708B /* MastersDBResponse.swift in Sources */ = {isa = PBXBuildFile; fileRef = DB5CFE7C2965DA8C00E5708B /* MastersDBResponse.swift */; };
		DB5CFE8A2965E24800E5708B /* OpeningExplorerView.swift in Sources */ = {isa = PBXBuildFile; fileRef = DB5CFE892965E24800E5708B /* OpeningExplorerView.swift */; };
		DB5CFE8D2965E31900E5708B /* OpeningExplorerViewModel.swift in Sources */ = {isa = PBXBuildFile; fileRef = DB5CFE8C2965E31900E5708B /* OpeningExplorerViewModel.swift */; };
		DB5CFE902965E3FB00E5708B /* MastersDBView.swift in Sources */ = {isa = PBXBuildFile; fileRef = DB5CFE8F2965E3FB00E5708B /* MastersDBView.swift */; };
		DB5CFE922965E86200E5708B /* MoveStatistics.swift in Sources */ = {isa = PBXBuildFile; fileRef = DB5CFE912965E86200E5708B /* MoveStatistics.swift */; };
		DB5CFE942965F81A00E5708B /* SpacingHStack.swift in Sources */ = {isa = PBXBuildFile; fileRef = DB5CFE932965F81A00E5708B /* SpacingHStack.swift */; };
		DB646A5C293D139100C56280 /* Termination.swift in Sources */ = {isa = PBXBuildFile; fileRef = DB646A5B293D139100C56280 /* Termination.swift */; };
		DB646A5E293D185500C56280 /* Array + subscripts.swift in Sources */ = {isa = PBXBuildFile; fileRef = DB646A5D293D185500C56280 /* Array + subscripts.swift */; };
		DB646A61293D1C8400C56280 /* Move.swift in Sources */ = {isa = PBXBuildFile; fileRef = DB646A60293D1C8400C56280 /* Move.swift */; };
		DB646A63293D1D0300C56280 /* MoveFlag.swift in Sources */ = {isa = PBXBuildFile; fileRef = DB646A62293D1D0300C56280 /* MoveFlag.swift */; };
		DB646A65293D495E00C56280 /* VariationView.swift in Sources */ = {isa = PBXBuildFile; fileRef = DB646A64293D495E00C56280 /* VariationView.swift */; };
		DB646A67293D4BAC00C56280 /* Convert.swift in Sources */ = {isa = PBXBuildFile; fileRef = DB646A66293D4BAC00C56280 /* Convert.swift */; };
		DB664D1528427BEC0088749A /* Lichess_opening_explorerApp.swift in Sources */ = {isa = PBXBuildFile; fileRef = DB664D1428427BEC0088749A /* Lichess_opening_explorerApp.swift */; };
		DB664D1728427BEC0088749A /* ContentView.swift in Sources */ = {isa = PBXBuildFile; fileRef = DB664D1628427BEC0088749A /* ContentView.swift */; };
		DB664D1928427BEE0088749A /* Assets.xcassets in Resources */ = {isa = PBXBuildFile; fileRef = DB664D1828427BEE0088749A /* Assets.xcassets */; };
		DB664D1C28427BEE0088749A /* Preview Assets.xcassets in Resources */ = {isa = PBXBuildFile; fileRef = DB664D1B28427BEE0088749A /* Preview Assets.xcassets */; };
		DB664D2328427CA10088749A /* PlayerDBResponse.swift in Sources */ = {isa = PBXBuildFile; fileRef = DB664D2228427CA10088749A /* PlayerDBResponse.swift */; };
		DB664D2528427CBD0088749A /* Networking.swift in Sources */ = {isa = PBXBuildFile; fileRef = DB664D2428427CBD0088749A /* Networking.swift */; };
		DB664D2728427D290088749A /* NeworkingError.swift in Sources */ = {isa = PBXBuildFile; fileRef = DB664D2628427D290088749A /* NeworkingError.swift */; };
		DB664D29284280470088749A /* ContentViewModel.swift in Sources */ = {isa = PBXBuildFile; fileRef = DB664D28284280470088749A /* ContentViewModel.swift */; };
		DB7EF473296626500096D5AD /* LichessOpening.swift in Sources */ = {isa = PBXBuildFile; fileRef = DB7EF472296626500096D5AD /* LichessOpening.swift */; };
		DB866671293A6E6500761F95 /* ThemeManager.swift in Sources */ = {isa = PBXBuildFile; fileRef = DB866670293A6E6500761F95 /* ThemeManager.swift */; };
		DB866673293A6EAF00761F95 /* Theme.swift in Sources */ = {isa = PBXBuildFile; fileRef = DB866672293A6EAF00761F95 /* Theme.swift */; };
		DB866675293A6EF200761F95 /* Themes.swift in Sources */ = {isa = PBXBuildFile; fileRef = DB866674293A6EF200761F95 /* Themes.swift */; };
		DB9413DC29392A4E00E0F335 /* Arbiter.swift in Sources */ = {isa = PBXBuildFile; fileRef = DB9413DB29392A4E00E0F335 /* Arbiter.swift */; };
		DB9413DE29392D7F00E0F335 /* Board.swift in Sources */ = {isa = PBXBuildFile; fileRef = DB9413DD29392D7F00E0F335 /* Board.swift */; };
		DB966538295613D4000A78BC /* AnalysisViewModel.swift in Sources */ = {isa = PBXBuildFile; fileRef = DB966537295613D4000A78BC /* AnalysisViewModel.swift */; };
		DB96653A29561D92000A78BC /* MoveView.swift in Sources */ = {isa = PBXBuildFile; fileRef = DB96653929561D92000A78BC /* MoveView.swift */; };
		DB98B4F92847C59200BB466E /* Square.swift in Sources */ = {isa = PBXBuildFile; fileRef = DB98B4F82847C59200BB466E /* Square.swift */; };
		DB9CD80F2954F7D60040D017 /* CloudAnalysis.swift in Sources */ = {isa = PBXBuildFile; fileRef = DB9CD80E2954F7D60040D017 /* CloudAnalysis.swift */; };
		DB9CD8112954F9180040D017 /* AnaylsisView.swift in Sources */ = {isa = PBXBuildFile; fileRef = DB9CD8102954F9180040D017 /* AnaylsisView.swift */; };
		DBA51AB0293BEACF00CC4BC3 /* AdaptiveStack.swift in Sources */ = {isa = PBXBuildFile; fileRef = DBA51AAF293BEACF00CC4BC3 /* AdaptiveStack.swift */; };
		DBA51AB3293BEB7D00CC4BC3 /* StackDirection.swift in Sources */ = {isa = PBXBuildFile; fileRef = DBA51AB2293BEB7D00CC4BC3 /* StackDirection.swift */; };
		DBA51AB5293BF44300CC4BC3 /* Array + removeEnPassants.swift in Sources */ = {isa = PBXBuildFile; fileRef = DBA51AB4293BF44300CC4BC3 /* Array + removeEnPassants.swift */; };
		DBAB9F95284E06F400E1CFE4 /* Moves.swift in Sources */ = {isa = PBXBuildFile; fileRef = DBAB9F94284E06F400E1CFE4 /* Moves.swift */; };
		DBAB9F97284E09DC00E1CFE4 /* Array + allIllegal.swift in Sources */ = {isa = PBXBuildFile; fileRef = DBAB9F96284E09DC00E1CFE4 /* Array + allIllegal.swift */; };
		DBAB9F9B284E1A9A00E1CFE4 /* SquareView.swift in Sources */ = {isa = PBXBuildFile; fileRef = DBAB9F9A284E1A9A00E1CFE4 /* SquareView.swift */; };
		DBAB9F9D284E4AB100E1CFE4 /* Board + loadFEN.swift in Sources */ = {isa = PBXBuildFile; fileRef = DBAB9F9C284E4AB000E1CFE4 /* Board + loadFEN.swift */; };
		DBAE573D28451A6300B72B8C /* DatabaseType.swift in Sources */ = {isa = PBXBuildFile; fileRef = DBAE573C28451A6300B72B8C /* DatabaseType.swift */; };
		DBAE573F28451A8500B72B8C /* Chessboard.swift in Sources */ = {isa = PBXBuildFile; fileRef = DBAE573E28451A8500B72B8C /* Chessboard.swift */; };
		DBAE57412845302300B72B8C /* Piece.swift in Sources */ = {isa = PBXBuildFile; fileRef = DBAE57402845302300B72B8C /* Piece.swift */; };
		DBAE5744284530D600B72B8C /* PieceView.swift in Sources */ = {isa = PBXBuildFile; fileRef = DBAE5743284530D600B72B8C /* PieceView.swift */; };
		DBAE57492845343900B72B8C /* Array + loadDefaultFEN.swift in Sources */ = {isa = PBXBuildFile; fileRef = DBAE57482845343900B72B8C /* Array + loadDefaultFEN.swift */; };
		DBAE574B284535C300B72B8C /* ChessboardViewModel.swift in Sources */ = {isa = PBXBuildFile; fileRef = DBAE574A284535C300B72B8C /* ChessboardViewModel.swift */; };
		DBAFF1A529463C7F00335AB6 /* Board + toFEN.swift in Sources */ = {isa = PBXBuildFile; fileRef = DBAFF1A429463C7F00335AB6 /* Board + toFEN.swift */; };
		DBAFF1A929467DF600335AB6 /* variationStyle.swift in Sources */ = {isa = PBXBuildFile; fileRef = DBAFF1A829467DF600335AB6 /* variationStyle.swift */; };
		DBB293F3285E3132002CD543 /* Int + isOnBoard.swift in Sources */ = {isa = PBXBuildFile; fileRef = DBB293F2285E3132002CD543 /* Int + isOnBoard.swift */; };
		DBBFB5EC294256A00073B502 /* WrappingHStack.swift in Sources */ = {isa = PBXBuildFile; fileRef = DBBFB5EB294256A00073B502 /* WrappingHStack.swift */; };
		DBCBA7E42950B129000024F4 /* SettingsView.swift in Sources */ = {isa = PBXBuildFile; fileRef = DBCBA7E32950B129000024F4 /* SettingsView.swift */; };
		DBCBA7E62950B14C000024F4 /* Settings.swift in Sources */ = {isa = PBXBuildFile; fileRef = DBCBA7E52950B14C000024F4 /* Settings.swift */; };
		DBFCFF992860C857005626C6 /* Tile.swift in Sources */ = {isa = PBXBuildFile; fileRef = DBFCFF982860C857005626C6 /* Tile.swift */; };
/* End PBXBuildFile section */

/* Begin PBXFileReference section */
		DB06D4A1296B5E1700AB1516 /* MarqueeView.swift */ = {isa = PBXFileReference; lastKnownFileType = sourcecode.swift; path = MarqueeView.swift; sourceTree = "<group>"; };
		DB5CFE7C2965DA8C00E5708B /* MastersDBResponse.swift */ = {isa = PBXFileReference; lastKnownFileType = sourcecode.swift; path = MastersDBResponse.swift; sourceTree = "<group>"; };
		DB5CFE892965E24800E5708B /* OpeningExplorerView.swift */ = {isa = PBXFileReference; lastKnownFileType = sourcecode.swift; path = OpeningExplorerView.swift; sourceTree = "<group>"; };
		DB5CFE8C2965E31900E5708B /* OpeningExplorerViewModel.swift */ = {isa = PBXFileReference; lastKnownFileType = sourcecode.swift; path = OpeningExplorerViewModel.swift; sourceTree = "<group>"; };
		DB5CFE8F2965E3FB00E5708B /* MastersDBView.swift */ = {isa = PBXFileReference; lastKnownFileType = sourcecode.swift; path = MastersDBView.swift; sourceTree = "<group>"; };
		DB5CFE912965E86200E5708B /* MoveStatistics.swift */ = {isa = PBXFileReference; lastKnownFileType = sourcecode.swift; path = MoveStatistics.swift; sourceTree = "<group>"; };
		DB5CFE932965F81A00E5708B /* SpacingHStack.swift */ = {isa = PBXFileReference; lastKnownFileType = sourcecode.swift; path = SpacingHStack.swift; sourceTree = "<group>"; };
		DB646A5B293D139100C56280 /* Termination.swift */ = {isa = PBXFileReference; lastKnownFileType = sourcecode.swift; path = Termination.swift; sourceTree = "<group>"; };
		DB646A5D293D185500C56280 /* Array + subscripts.swift */ = {isa = PBXFileReference; lastKnownFileType = sourcecode.swift; path = "Array + subscripts.swift"; sourceTree = "<group>"; };
		DB646A60293D1C8400C56280 /* Move.swift */ = {isa = PBXFileReference; lastKnownFileType = sourcecode.swift; path = Move.swift; sourceTree = "<group>"; };
		DB646A62293D1D0300C56280 /* MoveFlag.swift */ = {isa = PBXFileReference; lastKnownFileType = sourcecode.swift; path = MoveFlag.swift; sourceTree = "<group>"; };
		DB646A64293D495E00C56280 /* VariationView.swift */ = {isa = PBXFileReference; lastKnownFileType = sourcecode.swift; path = VariationView.swift; sourceTree = "<group>"; };
		DB646A66293D4BAC00C56280 /* Convert.swift */ = {isa = PBXFileReference; lastKnownFileType = sourcecode.swift; path = Convert.swift; sourceTree = "<group>"; };
		DB664D1128427BEC0088749A /* Lichess opening explorer.app */ = {isa = PBXFileReference; explicitFileType = wrapper.application; includeInIndex = 0; path = "Lichess opening explorer.app"; sourceTree = BUILT_PRODUCTS_DIR; };
		DB664D1428427BEC0088749A /* Lichess_opening_explorerApp.swift */ = {isa = PBXFileReference; lastKnownFileType = sourcecode.swift; path = Lichess_opening_explorerApp.swift; sourceTree = "<group>"; };
		DB664D1628427BEC0088749A /* ContentView.swift */ = {isa = PBXFileReference; lastKnownFileType = sourcecode.swift; path = ContentView.swift; sourceTree = "<group>"; };
		DB664D1828427BEE0088749A /* Assets.xcassets */ = {isa = PBXFileReference; lastKnownFileType = folder.assetcatalog; path = Assets.xcassets; sourceTree = "<group>"; };
		DB664D1B28427BEE0088749A /* Preview Assets.xcassets */ = {isa = PBXFileReference; lastKnownFileType = folder.assetcatalog; path = "Preview Assets.xcassets"; sourceTree = "<group>"; };
		DB664D2228427CA10088749A /* PlayerDBResponse.swift */ = {isa = PBXFileReference; lastKnownFileType = sourcecode.swift; path = PlayerDBResponse.swift; sourceTree = "<group>"; };
		DB664D2428427CBD0088749A /* Networking.swift */ = {isa = PBXFileReference; lastKnownFileType = sourcecode.swift; path = Networking.swift; sourceTree = "<group>"; };
		DB664D2628427D290088749A /* NeworkingError.swift */ = {isa = PBXFileReference; lastKnownFileType = sourcecode.swift; path = NeworkingError.swift; sourceTree = "<group>"; };
		DB664D28284280470088749A /* ContentViewModel.swift */ = {isa = PBXFileReference; lastKnownFileType = sourcecode.swift; path = ContentViewModel.swift; sourceTree = "<group>"; };
		DB7EF472296626500096D5AD /* LichessOpening.swift */ = {isa = PBXFileReference; fileEncoding = 4; lastKnownFileType = sourcecode.swift; path = LichessOpening.swift; sourceTree = "<group>"; };
		DB866670293A6E6500761F95 /* ThemeManager.swift */ = {isa = PBXFileReference; lastKnownFileType = sourcecode.swift; path = ThemeManager.swift; sourceTree = "<group>"; };
		DB866672293A6EAF00761F95 /* Theme.swift */ = {isa = PBXFileReference; lastKnownFileType = sourcecode.swift; path = Theme.swift; sourceTree = "<group>"; };
		DB866674293A6EF200761F95 /* Themes.swift */ = {isa = PBXFileReference; lastKnownFileType = sourcecode.swift; path = Themes.swift; sourceTree = "<group>"; };
		DB9413DB29392A4E00E0F335 /* Arbiter.swift */ = {isa = PBXFileReference; lastKnownFileType = sourcecode.swift; path = Arbiter.swift; sourceTree = "<group>"; };
		DB9413DD29392D7F00E0F335 /* Board.swift */ = {isa = PBXFileReference; lastKnownFileType = sourcecode.swift; path = Board.swift; sourceTree = "<group>"; };
		DB966537295613D4000A78BC /* AnalysisViewModel.swift */ = {isa = PBXFileReference; lastKnownFileType = sourcecode.swift; path = AnalysisViewModel.swift; sourceTree = "<group>"; };
		DB96653929561D92000A78BC /* MoveView.swift */ = {isa = PBXFileReference; lastKnownFileType = sourcecode.swift; path = MoveView.swift; sourceTree = "<group>"; };
		DB98B4F82847C59200BB466E /* Square.swift */ = {isa = PBXFileReference; lastKnownFileType = sourcecode.swift; path = Square.swift; sourceTree = "<group>"; };
		DB9CD80E2954F7D60040D017 /* CloudAnalysis.swift */ = {isa = PBXFileReference; lastKnownFileType = sourcecode.swift; path = CloudAnalysis.swift; sourceTree = "<group>"; };
		DB9CD8102954F9180040D017 /* AnaylsisView.swift */ = {isa = PBXFileReference; lastKnownFileType = sourcecode.swift; path = AnaylsisView.swift; sourceTree = "<group>"; };
		DBA51AAF293BEACF00CC4BC3 /* AdaptiveStack.swift */ = {isa = PBXFileReference; fileEncoding = 4; lastKnownFileType = sourcecode.swift; path = AdaptiveStack.swift; sourceTree = "<group>"; };
		DBA51AB2293BEB7D00CC4BC3 /* StackDirection.swift */ = {isa = PBXFileReference; fileEncoding = 4; lastKnownFileType = sourcecode.swift; path = StackDirection.swift; sourceTree = "<group>"; };
		DBA51AB4293BF44300CC4BC3 /* Array + removeEnPassants.swift */ = {isa = PBXFileReference; lastKnownFileType = sourcecode.swift; path = "Array + removeEnPassants.swift"; sourceTree = "<group>"; };
		DBAB9F94284E06F400E1CFE4 /* Moves.swift */ = {isa = PBXFileReference; lastKnownFileType = sourcecode.swift; path = Moves.swift; sourceTree = "<group>"; };
		DBAB9F96284E09DC00E1CFE4 /* Array + allIllegal.swift */ = {isa = PBXFileReference; lastKnownFileType = sourcecode.swift; path = "Array + allIllegal.swift"; sourceTree = "<group>"; };
		DBAB9F9A284E1A9A00E1CFE4 /* SquareView.swift */ = {isa = PBXFileReference; lastKnownFileType = sourcecode.swift; path = SquareView.swift; sourceTree = "<group>"; };
		DBAB9F9C284E4AB000E1CFE4 /* Board + loadFEN.swift */ = {isa = PBXFileReference; lastKnownFileType = sourcecode.swift; path = "Board + loadFEN.swift"; sourceTree = "<group>"; };
		DBAE573C28451A6300B72B8C /* DatabaseType.swift */ = {isa = PBXFileReference; lastKnownFileType = sourcecode.swift; path = DatabaseType.swift; sourceTree = "<group>"; };
		DBAE573E28451A8500B72B8C /* Chessboard.swift */ = {isa = PBXFileReference; lastKnownFileType = sourcecode.swift; path = Chessboard.swift; sourceTree = "<group>"; };
		DBAE57402845302300B72B8C /* Piece.swift */ = {isa = PBXFileReference; lastKnownFileType = sourcecode.swift; path = Piece.swift; sourceTree = "<group>"; };
		DBAE5743284530D600B72B8C /* PieceView.swift */ = {isa = PBXFileReference; lastKnownFileType = sourcecode.swift; path = PieceView.swift; sourceTree = "<group>"; };
		DBAE57482845343900B72B8C /* Array + loadDefaultFEN.swift */ = {isa = PBXFileReference; lastKnownFileType = sourcecode.swift; path = "Array + loadDefaultFEN.swift"; sourceTree = "<group>"; };
		DBAE574A284535C300B72B8C /* ChessboardViewModel.swift */ = {isa = PBXFileReference; lastKnownFileType = sourcecode.swift; path = ChessboardViewModel.swift; sourceTree = "<group>"; };
		DBAFF1A429463C7F00335AB6 /* Board + toFEN.swift */ = {isa = PBXFileReference; lastKnownFileType = sourcecode.swift; path = "Board + toFEN.swift"; sourceTree = "<group>"; };
		DBAFF1A829467DF600335AB6 /* variationStyle.swift */ = {isa = PBXFileReference; lastKnownFileType = sourcecode.swift; path = variationStyle.swift; sourceTree = "<group>"; };
		DBB293F2285E3132002CD543 /* Int + isOnBoard.swift */ = {isa = PBXFileReference; lastKnownFileType = sourcecode.swift; path = "Int + isOnBoard.swift"; sourceTree = "<group>"; };
		DBBFB5EB294256A00073B502 /* WrappingHStack.swift */ = {isa = PBXFileReference; fileEncoding = 4; lastKnownFileType = sourcecode.swift; path = WrappingHStack.swift; sourceTree = "<group>"; };
		DBCBA7E32950B129000024F4 /* SettingsView.swift */ = {isa = PBXFileReference; lastKnownFileType = sourcecode.swift; path = SettingsView.swift; sourceTree = "<group>"; };
		DBCBA7E52950B14C000024F4 /* Settings.swift */ = {isa = PBXFileReference; lastKnownFileType = sourcecode.swift; path = Settings.swift; sourceTree = "<group>"; };
		DBFCFF982860C857005626C6 /* Tile.swift */ = {isa = PBXFileReference; lastKnownFileType = sourcecode.swift; path = Tile.swift; sourceTree = "<group>"; };
/* End PBXFileReference section */

/* Begin PBXFrameworksBuildPhase section */
		DB664D0E28427BEC0088749A /* Frameworks */ = {
			isa = PBXFrameworksBuildPhase;
			buildActionMask = 2147483647;
			files = (
				DB06D4A0296B5DEC00AB1516 /* MarqueeLabel in Frameworks */,
			);
			runOnlyForDeploymentPostprocessing = 0;
		};
/* End PBXFrameworksBuildPhase section */

/* Begin PBXGroup section */
		DB5CFE7E2965DA9000E5708B /* Lichess */ = {
			isa = PBXGroup;
			children = (
				DB5CFE7C2965DA8C00E5708B /* MastersDBResponse.swift */,
				DB664D2228427CA10088749A /* PlayerDBResponse.swift */,
				DB7EF472296626500096D5AD /* LichessOpening.swift */,
			);
			path = Lichess;
			sourceTree = "<group>";
		};
		DB5CFE8B2965E2FF00E5708B /* OpeningExplorer */ = {
			isa = PBXGroup;
			children = (
				DB5CFE892965E24800E5708B /* OpeningExplorerView.swift */,
				DB5CFE8C2965E31900E5708B /* OpeningExplorerViewModel.swift */,
				DB5CFE8E2965E33D00E5708B /* Subviews */,
			);
			path = OpeningExplorer;
			sourceTree = "<group>";
		};
		DB5CFE8E2965E33D00E5708B /* Subviews */ = {
			isa = PBXGroup;
			children = (
				DB5CFE8F2965E3FB00E5708B /* MastersDBView.swift */,
				DB5CFE912965E86200E5708B /* MoveStatistics.swift */,
			);
			path = Subviews;
			sourceTree = "<group>";
		};
		DB646A5F293D1C6300C56280 /* Chess logic */ = {
			isa = PBXGroup;
			children = (
				DB646A5B293D139100C56280 /* Termination.swift */,
				DBAE57402845302300B72B8C /* Piece.swift */,
				DBFCFF982860C857005626C6 /* Tile.swift */,
				DB98B4F82847C59200BB466E /* Square.swift */,
				DB646A60293D1C8400C56280 /* Move.swift */,
				DB646A62293D1D0300C56280 /* MoveFlag.swift */,
			);
			path = "Chess logic";
			sourceTree = "<group>";
		};
		DB664D0828427BEC0088749A = {
			isa = PBXGroup;
			children = (
				DB664D1328427BEC0088749A /* Lichess opening explorer */,
				DB664D1228427BEC0088749A /* Products */,
			);
			sourceTree = "<group>";
		};
		DB664D1228427BEC0088749A /* Products */ = {
			isa = PBXGroup;
			children = (
				DB664D1128427BEC0088749A /* Lichess opening explorer.app */,
			);
			name = Products;
			sourceTree = "<group>";
		};
		DB664D1328427BEC0088749A /* Lichess opening explorer */ = {
			isa = PBXGroup;
			children = (
				DB664D1428427BEC0088749A /* Lichess_opening_explorerApp.swift */,
				DBAE573A28451A2900B72B8C /* Content */,
				DBAE573928451A1E00B72B8C /* Board */,
				DB966536295613BC000A78BC /* Analysis */,
				DB5CFE8B2965E2FF00E5708B /* OpeningExplorer */,
				DBCBA7E22950B11A000024F4 /* Settings */,
				DBAE573B28451A3400B72B8C /* Models */,
				DBAE57452845341100B72B8C /* Networking */,
				DBAE57462845341C00B72B8C /* Utility */,
				DB664D1828427BEE0088749A /* Assets.xcassets */,
				DB664D1A28427BEE0088749A /* Preview Content */,
			);
			path = "Lichess opening explorer";
			sourceTree = "<group>";
		};
		DB664D1A28427BEE0088749A /* Preview Content */ = {
			isa = PBXGroup;
			children = (
				DB664D1B28427BEE0088749A /* Preview Assets.xcassets */,
			);
			path = "Preview Content";
			sourceTree = "<group>";
		};
		DB6D2A902954F77600291148 /* Networking */ = {
			isa = PBXGroup;
			children = (
				DB9CD80E2954F7D60040D017 /* CloudAnalysis.swift */,
			);
			path = Networking;
			sourceTree = "<group>";
		};
		DB966536295613BC000A78BC /* Analysis */ = {
			isa = PBXGroup;
			children = (
				DB9CD8102954F9180040D017 /* AnaylsisView.swift */,
				DB966537295613D4000A78BC /* AnalysisViewModel.swift */,
			);
			path = Analysis;
			sourceTree = "<group>";
		};
		DBA51AB1293BEAD700CC4BC3 /* Generic */ = {
			isa = PBXGroup;
			children = (
				DBBFB5EB294256A00073B502 /* WrappingHStack.swift */,
				DBA51AAF293BEACF00CC4BC3 /* AdaptiveStack.swift */,
				DB5CFE932965F81A00E5708B /* SpacingHStack.swift */,
				DB06D4A1296B5E1700AB1516 /* MarqueeView.swift */,
			);
			path = Generic;
			sourceTree = "<group>";
		};
		DBAB9F91284E006A00E1CFE4 /* Constants */ = {
			isa = PBXGroup;
			children = (
				DBAB9F94284E06F400E1CFE4 /* Moves.swift */,
				DB866674293A6EF200761F95 /* Themes.swift */,
				DB646A66293D4BAC00C56280 /* Convert.swift */,
			);
			path = Constants;
			sourceTree = "<group>";
		};
		DBAE573928451A1E00B72B8C /* Board */ = {
			isa = PBXGroup;
			children = (
				DBAE573E28451A8500B72B8C /* Chessboard.swift */,
				DBAE574A284535C300B72B8C /* ChessboardViewModel.swift */,
				DB9413DD29392D7F00E0F335 /* Board.swift */,
				DBAE5742284530CC00B72B8C /* Subviews */,
			);
			path = Board;
			sourceTree = "<group>";
		};
		DBAE573A28451A2900B72B8C /* Content */ = {
			isa = PBXGroup;
			children = (
				DB664D1628427BEC0088749A /* ContentView.swift */,
				DB664D28284280470088749A /* ContentViewModel.swift */,
			);
			path = Content;
			sourceTree = "<group>";
		};
		DBAE573B28451A3400B72B8C /* Models */ = {
			isa = PBXGroup;
			children = (
				DB5CFE7E2965DA9000E5708B /* Lichess */,
				DB866672293A6EAF00761F95 /* Theme.swift */,
				DB664D2628427D290088749A /* NeworkingError.swift */,
				DBA51AB2293BEB7D00CC4BC3 /* StackDirection.swift */,
				DBAE573C28451A6300B72B8C /* DatabaseType.swift */,
				DB646A5F293D1C6300C56280 /* Chess logic */,
				DB6D2A902954F77600291148 /* Networking */,
			);
			path = Models;
			sourceTree = "<group>";
		};
		DBAE5742284530CC00B72B8C /* Subviews */ = {
			isa = PBXGroup;
			children = (
				DBAE5743284530D600B72B8C /* PieceView.swift */,
				DBAB9F9A284E1A9A00E1CFE4 /* SquareView.swift */,
				DB646A64293D495E00C56280 /* VariationView.swift */,
				DB96653929561D92000A78BC /* MoveView.swift */,
			);
			path = Subviews;
			sourceTree = "<group>";
		};
		DBAE57452845341100B72B8C /* Networking */ = {
			isa = PBXGroup;
			children = (
				DB664D2428427CBD0088749A /* Networking.swift */,
			);
			path = Networking;
			sourceTree = "<group>";
		};
		DBAE57462845341C00B72B8C /* Utility */ = {
			isa = PBXGroup;
			children = (
				DBA51AB1293BEAD700CC4BC3 /* Generic */,
				DB866670293A6E6500761F95 /* ThemeManager.swift */,
				DB9413DB29392A4E00E0F335 /* Arbiter.swift */,
				DBAB9F91284E006A00E1CFE4 /* Constants */,
				DBAE57472845342400B72B8C /* Extensions */,
			);
			path = Utility;
			sourceTree = "<group>";
		};
		DBAE57472845342400B72B8C /* Extensions */ = {
			isa = PBXGroup;
			children = (
				DBBFB5ED294258360073B502 /* ViewModifiers */,
				DBAE57482845343900B72B8C /* Array + loadDefaultFEN.swift */,
				DBAB9F96284E09DC00E1CFE4 /* Array + allIllegal.swift */,
				DBA51AB4293BF44300CC4BC3 /* Array + removeEnPassants.swift */,
				DB646A5D293D185500C56280 /* Array + subscripts.swift */,
				DBB293F2285E3132002CD543 /* Int + isOnBoard.swift */,
				DBAB9F9C284E4AB000E1CFE4 /* Board + loadFEN.swift */,
				DBAFF1A429463C7F00335AB6 /* Board + toFEN.swift */,
			);
			path = Extensions;
			sourceTree = "<group>";
		};
		DBBFB5ED294258360073B502 /* ViewModifiers */ = {
			isa = PBXGroup;
			children = (
				DBAFF1A829467DF600335AB6 /* variationStyle.swift */,
			);
			path = ViewModifiers;
			sourceTree = "<group>";
		};
		DBCBA7E22950B11A000024F4 /* Settings */ = {
			isa = PBXGroup;
			children = (
				DBCBA7E32950B129000024F4 /* SettingsView.swift */,
				DBCBA7E52950B14C000024F4 /* Settings.swift */,
			);
			path = Settings;
			sourceTree = "<group>";
		};
/* End PBXGroup section */

/* Begin PBXNativeTarget section */
		DB664D1028427BEC0088749A /* Lichess opening explorer */ = {
			isa = PBXNativeTarget;
			buildConfigurationList = DB664D1F28427BEE0088749A /* Build configuration list for PBXNativeTarget "Lichess opening explorer" */;
			buildPhases = (
				DB664D0D28427BEC0088749A /* Sources */,
				DB664D0E28427BEC0088749A /* Frameworks */,
				DB664D0F28427BEC0088749A /* Resources */,
			);
			buildRules = (
			);
			dependencies = (
			);
			name = "Lichess opening explorer";
			packageProductDependencies = (
				DB06D49F296B5DEC00AB1516 /* MarqueeLabel */,
			);
			productName = "Lichess opening explorer";
			productReference = DB664D1128427BEC0088749A /* Lichess opening explorer.app */;
			productType = "com.apple.product-type.application";
		};
/* End PBXNativeTarget section */

/* Begin PBXProject section */
		DB664D0928427BEC0088749A /* Project object */ = {
			isa = PBXProject;
			attributes = {
				BuildIndependentTargetsInParallel = 1;
				LastSwiftUpdateCheck = 1330;
				LastUpgradeCheck = 1330;
				TargetAttributes = {
					DB664D1028427BEC0088749A = {
						CreatedOnToolsVersion = 13.3.1;
					};
				};
			};
			buildConfigurationList = DB664D0C28427BEC0088749A /* Build configuration list for PBXProject "Lichess opening explorer" */;
			compatibilityVersion = "Xcode 13.0";
			developmentRegion = en;
			hasScannedForEncodings = 0;
			knownRegions = (
				en,
				Base,
			);
			mainGroup = DB664D0828427BEC0088749A;
			packageReferences = (
				DB06D49E296B5DEC00AB1516 /* XCRemoteSwiftPackageReference "MarqueeLabel" */,
			);
			productRefGroup = DB664D1228427BEC0088749A /* Products */;
			projectDirPath = "";
			projectRoot = "";
			targets = (
				DB664D1028427BEC0088749A /* Lichess opening explorer */,
			);
		};
/* End PBXProject section */

/* Begin PBXResourcesBuildPhase section */
		DB664D0F28427BEC0088749A /* Resources */ = {
			isa = PBXResourcesBuildPhase;
			buildActionMask = 2147483647;
			files = (
				DB664D1C28427BEE0088749A /* Preview Assets.xcassets in Resources */,
				DB664D1928427BEE0088749A /* Assets.xcassets in Resources */,
			);
			runOnlyForDeploymentPostprocessing = 0;
		};
/* End PBXResourcesBuildPhase section */

/* Begin PBXSourcesBuildPhase section */
		DB664D0D28427BEC0088749A /* Sources */ = {
			isa = PBXSourcesBuildPhase;
			buildActionMask = 2147483647;
			files = (
				DB96653A29561D92000A78BC /* MoveView.swift in Sources */,
				DB9CD8112954F9180040D017 /* AnaylsisView.swift in Sources */,
				DBBFB5EC294256A00073B502 /* WrappingHStack.swift in Sources */,
				DBA51AB0293BEACF00CC4BC3 /* AdaptiveStack.swift in Sources */,
				DB7EF473296626500096D5AD /* LichessOpening.swift in Sources */,
				DB646A67293D4BAC00C56280 /* Convert.swift in Sources */,
				DB5CFE922965E86200E5708B /* MoveStatistics.swift in Sources */,
				DBAB9F97284E09DC00E1CFE4 /* Array + allIllegal.swift in Sources */,
				DB9413DC29392A4E00E0F335 /* Arbiter.swift in Sources */,
				DBAB9F95284E06F400E1CFE4 /* Moves.swift in Sources */,
				DB866673293A6EAF00761F95 /* Theme.swift in Sources */,
				DBA51AB5293BF44300CC4BC3 /* Array + removeEnPassants.swift in Sources */,
				DB664D1728427BEC0088749A /* ContentView.swift in Sources */,
				DBAFF1A529463C7F00335AB6 /* Board + toFEN.swift in Sources */,
				DBAE573F28451A8500B72B8C /* Chessboard.swift in Sources */,
				DB664D2328427CA10088749A /* PlayerDBResponse.swift in Sources */,
				DB664D29284280470088749A /* ContentViewModel.swift in Sources */,
				DB966538295613D4000A78BC /* AnalysisViewModel.swift in Sources */,
				DB5CFE8D2965E31900E5708B /* OpeningExplorerViewModel.swift in Sources */,
				DB646A61293D1C8400C56280 /* Move.swift in Sources */,
				DB646A5C293D139100C56280 /* Termination.swift in Sources */,
				DBCBA7E62950B14C000024F4 /* Settings.swift in Sources */,
				DB5CFE902965E3FB00E5708B /* MastersDBView.swift in Sources */,
				DB5CFE8A2965E24800E5708B /* OpeningExplorerView.swift in Sources */,
				DBAFF1A929467DF600335AB6 /* variationStyle.swift in Sources */,
				DB06D4A2296B5E1700AB1516 /* MarqueeView.swift in Sources */,
				DBAE57492845343900B72B8C /* Array + loadDefaultFEN.swift in Sources */,
				DBA51AB3293BEB7D00CC4BC3 /* StackDirection.swift in Sources */,
				DBFCFF992860C857005626C6 /* Tile.swift in Sources */,
				DB664D1528427BEC0088749A /* Lichess_opening_explorerApp.swift in Sources */,
				DBAE574B284535C300B72B8C /* ChessboardViewModel.swift in Sources */,
				DB9413DE29392D7F00E0F335 /* Board.swift in Sources */,
				DB866675293A6EF200761F95 /* Themes.swift in Sources */,
				DB98B4F92847C59200BB466E /* Square.swift in Sources */,
				DB9CD80F2954F7D60040D017 /* CloudAnalysis.swift in Sources */,
				DBAE5744284530D600B72B8C /* PieceView.swift in Sources */,
				DB5CFE942965F81A00E5708B /* SpacingHStack.swift in Sources */,
				DBAE57412845302300B72B8C /* Piece.swift in Sources */,
				DB646A65293D495E00C56280 /* VariationView.swift in Sources */,
				DBAB9F9B284E1A9A00E1CFE4 /* SquareView.swift in Sources */,
				DB664D2528427CBD0088749A /* Networking.swift in Sources */,
				DB5CFE7D2965DA8C00E5708B /* MastersDBResponse.swift in Sources */,
				DBB293F3285E3132002CD543 /* Int + isOnBoard.swift in Sources */,
				DBAB9F9D284E4AB100E1CFE4 /* Board + loadFEN.swift in Sources */,
				DBAE573D28451A6300B72B8C /* DatabaseType.swift in Sources */,
				DB664D2728427D290088749A /* NeworkingError.swift in Sources */,
				DB646A5E293D185500C56280 /* Array + subscripts.swift in Sources */,
				DB646A63293D1D0300C56280 /* MoveFlag.swift in Sources */,
				DB866671293A6E6500761F95 /* ThemeManager.swift in Sources */,
				DBCBA7E42950B129000024F4 /* SettingsView.swift in Sources */,
			);
			runOnlyForDeploymentPostprocessing = 0;
		};
/* End PBXSourcesBuildPhase section */

/* Begin XCBuildConfiguration section */
		DB664D1D28427BEE0088749A /* Debug */ = {
			isa = XCBuildConfiguration;
			buildSettings = {
				ALWAYS_SEARCH_USER_PATHS = NO;
				CLANG_ANALYZER_NONNULL = YES;
				CLANG_ANALYZER_NUMBER_OBJECT_CONVERSION = YES_AGGRESSIVE;
				CLANG_CXX_LANGUAGE_STANDARD = "gnu++17";
				CLANG_ENABLE_MODULES = YES;
				CLANG_ENABLE_OBJC_ARC = YES;
				CLANG_ENABLE_OBJC_WEAK = YES;
				CLANG_WARN_BLOCK_CAPTURE_AUTORELEASING = YES;
				CLANG_WARN_BOOL_CONVERSION = YES;
				CLANG_WARN_COMMA = YES;
				CLANG_WARN_CONSTANT_CONVERSION = YES;
				CLANG_WARN_DEPRECATED_OBJC_IMPLEMENTATIONS = YES;
				CLANG_WARN_DIRECT_OBJC_ISA_USAGE = YES_ERROR;
				CLANG_WARN_DOCUMENTATION_COMMENTS = YES;
				CLANG_WARN_EMPTY_BODY = YES;
				CLANG_WARN_ENUM_CONVERSION = YES;
				CLANG_WARN_INFINITE_RECURSION = YES;
				CLANG_WARN_INT_CONVERSION = YES;
				CLANG_WARN_NON_LITERAL_NULL_CONVERSION = YES;
				CLANG_WARN_OBJC_IMPLICIT_RETAIN_SELF = YES;
				CLANG_WARN_OBJC_LITERAL_CONVERSION = YES;
				CLANG_WARN_OBJC_ROOT_CLASS = YES_ERROR;
				CLANG_WARN_QUOTED_INCLUDE_IN_FRAMEWORK_HEADER = YES;
				CLANG_WARN_RANGE_LOOP_ANALYSIS = YES;
				CLANG_WARN_STRICT_PROTOTYPES = YES;
				CLANG_WARN_SUSPICIOUS_MOVE = YES;
				CLANG_WARN_UNGUARDED_AVAILABILITY = YES_AGGRESSIVE;
				CLANG_WARN_UNREACHABLE_CODE = YES;
				CLANG_WARN__DUPLICATE_METHOD_MATCH = YES;
				COPY_PHASE_STRIP = NO;
				DEBUG_INFORMATION_FORMAT = dwarf;
				ENABLE_STRICT_OBJC_MSGSEND = YES;
				ENABLE_TESTABILITY = YES;
				GCC_C_LANGUAGE_STANDARD = gnu11;
				GCC_DYNAMIC_NO_PIC = NO;
				GCC_NO_COMMON_BLOCKS = YES;
				GCC_OPTIMIZATION_LEVEL = 0;
				GCC_PREPROCESSOR_DEFINITIONS = (
					"DEBUG=1",
					"$(inherited)",
				);
				GCC_WARN_64_TO_32_BIT_CONVERSION = YES;
				GCC_WARN_ABOUT_RETURN_TYPE = YES_ERROR;
				GCC_WARN_UNDECLARED_SELECTOR = YES;
				GCC_WARN_UNINITIALIZED_AUTOS = YES_AGGRESSIVE;
				GCC_WARN_UNUSED_FUNCTION = YES;
				GCC_WARN_UNUSED_VARIABLE = YES;
				IPHONEOS_DEPLOYMENT_TARGET = 15.4;
				MTL_ENABLE_DEBUG_INFO = INCLUDE_SOURCE;
				MTL_FAST_MATH = YES;
				ONLY_ACTIVE_ARCH = YES;
				SDKROOT = iphoneos;
				SWIFT_ACTIVE_COMPILATION_CONDITIONS = DEBUG;
				SWIFT_OPTIMIZATION_LEVEL = "-Onone";
			};
			name = Debug;
		};
		DB664D1E28427BEE0088749A /* Release */ = {
			isa = XCBuildConfiguration;
			buildSettings = {
				ALWAYS_SEARCH_USER_PATHS = NO;
				CLANG_ANALYZER_NONNULL = YES;
				CLANG_ANALYZER_NUMBER_OBJECT_CONVERSION = YES_AGGRESSIVE;
				CLANG_CXX_LANGUAGE_STANDARD = "gnu++17";
				CLANG_ENABLE_MODULES = YES;
				CLANG_ENABLE_OBJC_ARC = YES;
				CLANG_ENABLE_OBJC_WEAK = YES;
				CLANG_WARN_BLOCK_CAPTURE_AUTORELEASING = YES;
				CLANG_WARN_BOOL_CONVERSION = YES;
				CLANG_WARN_COMMA = YES;
				CLANG_WARN_CONSTANT_CONVERSION = YES;
				CLANG_WARN_DEPRECATED_OBJC_IMPLEMENTATIONS = YES;
				CLANG_WARN_DIRECT_OBJC_ISA_USAGE = YES_ERROR;
				CLANG_WARN_DOCUMENTATION_COMMENTS = YES;
				CLANG_WARN_EMPTY_BODY = YES;
				CLANG_WARN_ENUM_CONVERSION = YES;
				CLANG_WARN_INFINITE_RECURSION = YES;
				CLANG_WARN_INT_CONVERSION = YES;
				CLANG_WARN_NON_LITERAL_NULL_CONVERSION = YES;
				CLANG_WARN_OBJC_IMPLICIT_RETAIN_SELF = YES;
				CLANG_WARN_OBJC_LITERAL_CONVERSION = YES;
				CLANG_WARN_OBJC_ROOT_CLASS = YES_ERROR;
				CLANG_WARN_QUOTED_INCLUDE_IN_FRAMEWORK_HEADER = YES;
				CLANG_WARN_RANGE_LOOP_ANALYSIS = YES;
				CLANG_WARN_STRICT_PROTOTYPES = YES;
				CLANG_WARN_SUSPICIOUS_MOVE = YES;
				CLANG_WARN_UNGUARDED_AVAILABILITY = YES_AGGRESSIVE;
				CLANG_WARN_UNREACHABLE_CODE = YES;
				CLANG_WARN__DUPLICATE_METHOD_MATCH = YES;
				COPY_PHASE_STRIP = NO;
				DEBUG_INFORMATION_FORMAT = "dwarf-with-dsym";
				ENABLE_NS_ASSERTIONS = NO;
				ENABLE_STRICT_OBJC_MSGSEND = YES;
				GCC_C_LANGUAGE_STANDARD = gnu11;
				GCC_NO_COMMON_BLOCKS = YES;
				GCC_WARN_64_TO_32_BIT_CONVERSION = YES;
				GCC_WARN_ABOUT_RETURN_TYPE = YES_ERROR;
				GCC_WARN_UNDECLARED_SELECTOR = YES;
				GCC_WARN_UNINITIALIZED_AUTOS = YES_AGGRESSIVE;
				GCC_WARN_UNUSED_FUNCTION = YES;
				GCC_WARN_UNUSED_VARIABLE = YES;
				IPHONEOS_DEPLOYMENT_TARGET = 15.4;
				MTL_ENABLE_DEBUG_INFO = NO;
				MTL_FAST_MATH = YES;
				SDKROOT = iphoneos;
				SWIFT_COMPILATION_MODE = wholemodule;
				SWIFT_OPTIMIZATION_LEVEL = "-O";
				VALIDATE_PRODUCT = YES;
			};
			name = Release;
		};
		DB664D2028427BEE0088749A /* Debug */ = {
			isa = XCBuildConfiguration;
			buildSettings = {
				ASSETCATALOG_COMPILER_APPICON_NAME = AppIcon;
				ASSETCATALOG_COMPILER_GLOBAL_ACCENT_COLOR_NAME = AccentColor;
				CODE_SIGN_STYLE = Automatic;
				CURRENT_PROJECT_VERSION = 1;
				DEVELOPMENT_ASSET_PATHS = "\"Lichess opening explorer/Preview Content\"";
				DEVELOPMENT_TEAM = M6XMZXCXD3;
				ENABLE_PREVIEWS = YES;
				GENERATE_INFOPLIST_FILE = YES;
				INFOPLIST_KEY_UIApplicationSceneManifest_Generation = YES;
				INFOPLIST_KEY_UIApplicationSupportsIndirectInputEvents = YES;
				INFOPLIST_KEY_UILaunchScreen_Generation = YES;
				INFOPLIST_KEY_UISupportedInterfaceOrientations = "UIInterfaceOrientationPortrait UIInterfaceOrientationPortraitUpsideDown";
				INFOPLIST_KEY_UISupportedInterfaceOrientations_iPad = "UIInterfaceOrientationPortrait UIInterfaceOrientationPortraitUpsideDown UIInterfaceOrientationLandscapeLeft UIInterfaceOrientationLandscapeRight";
				INFOPLIST_KEY_UISupportedInterfaceOrientations_iPhone = "UIInterfaceOrientationPortrait UIInterfaceOrientationLandscapeLeft UIInterfaceOrientationLandscapeRight";
				IPHONEOS_DEPLOYMENT_TARGET = 16.0;
				LD_RUNPATH_SEARCH_PATHS = (
					"$(inherited)",
					"@executable_path/Frameworks",
				);
				MARKETING_VERSION = 1.0;
				PRODUCT_BUNDLE_IDENTIFIER = "com.AcRichter.Lichess-opening-explorer";
				PRODUCT_NAME = "$(TARGET_NAME)";
				SWIFT_EMIT_LOC_STRINGS = YES;
				SWIFT_OPTIMIZATION_LEVEL = "-Onone";
				SWIFT_VERSION = 5.0;
				TARGETED_DEVICE_FAMILY = 1;
			};
			name = Debug;
		};
		DB664D2128427BEE0088749A /* Release */ = {
			isa = XCBuildConfiguration;
			buildSettings = {
				ASSETCATALOG_COMPILER_APPICON_NAME = AppIcon;
				ASSETCATALOG_COMPILER_GLOBAL_ACCENT_COLOR_NAME = AccentColor;
				CODE_SIGN_STYLE = Automatic;
				CURRENT_PROJECT_VERSION = 1;
				DEVELOPMENT_ASSET_PATHS = "\"Lichess opening explorer/Preview Content\"";
				DEVELOPMENT_TEAM = M6XMZXCXD3;
				ENABLE_PREVIEWS = YES;
				GENERATE_INFOPLIST_FILE = YES;
				INFOPLIST_KEY_UIApplicationSceneManifest_Generation = YES;
				INFOPLIST_KEY_UIApplicationSupportsIndirectInputEvents = YES;
				INFOPLIST_KEY_UILaunchScreen_Generation = YES;
				INFOPLIST_KEY_UISupportedInterfaceOrientations = "UIInterfaceOrientationPortrait UIInterfaceOrientationPortraitUpsideDown";
				INFOPLIST_KEY_UISupportedInterfaceOrientations_iPad = "UIInterfaceOrientationPortrait UIInterfaceOrientationPortraitUpsideDown UIInterfaceOrientationLandscapeLeft UIInterfaceOrientationLandscapeRight";
				INFOPLIST_KEY_UISupportedInterfaceOrientations_iPhone = "UIInterfaceOrientationPortrait UIInterfaceOrientationLandscapeLeft UIInterfaceOrientationLandscapeRight";
				IPHONEOS_DEPLOYMENT_TARGET = 16.0;
				LD_RUNPATH_SEARCH_PATHS = (
					"$(inherited)",
					"@executable_path/Frameworks",
				);
				MARKETING_VERSION = 1.0;
				PRODUCT_BUNDLE_IDENTIFIER = "com.AcRichter.Lichess-opening-explorer";
				PRODUCT_NAME = "$(TARGET_NAME)";
				SWIFT_EMIT_LOC_STRINGS = YES;
				SWIFT_VERSION = 5.0;
				TARGETED_DEVICE_FAMILY = 1;
			};
			name = Release;
		};
/* End XCBuildConfiguration section */

/* Begin XCConfigurationList section */
		DB664D0C28427BEC0088749A /* Build configuration list for PBXProject "Lichess opening explorer" */ = {
			isa = XCConfigurationList;
			buildConfigurations = (
				DB664D1D28427BEE0088749A /* Debug */,
				DB664D1E28427BEE0088749A /* Release */,
			);
			defaultConfigurationIsVisible = 0;
			defaultConfigurationName = Release;
		};
		DB664D1F28427BEE0088749A /* Build configuration list for PBXNativeTarget "Lichess opening explorer" */ = {
			isa = XCConfigurationList;
			buildConfigurations = (
				DB664D2028427BEE0088749A /* Debug */,
				DB664D2128427BEE0088749A /* Release */,
			);
			defaultConfigurationIsVisible = 0;
			defaultConfigurationName = Release;
		};
/* End XCConfigurationList section */

/* Begin XCRemoteSwiftPackageReference section */
		DB06D49E296B5DEC00AB1516 /* XCRemoteSwiftPackageReference "MarqueeLabel" */ = {
			isa = XCRemoteSwiftPackageReference;
			repositoryURL = "https://github.com/cbpowell/MarqueeLabel";
			requirement = {
				kind = upToNextMajorVersion;
				minimumVersion = 4.0.0;
			};
		};
/* End XCRemoteSwiftPackageReference section */

/* Begin XCSwiftPackageProductDependency section */
		DB06D49F296B5DEC00AB1516 /* MarqueeLabel */ = {
			isa = XCSwiftPackageProductDependency;
			package = DB06D49E296B5DEC00AB1516 /* XCRemoteSwiftPackageReference "MarqueeLabel" */;
			productName = MarqueeLabel;
		};
/* End XCSwiftPackageProductDependency section */
	};
	rootObject = DB664D0928427BEC0088749A /* Project object */;
}
