// !$*UTF8*$!
{
	archiveVersion = 1;
	classes = {
	};
	objectVersion = 55;
	objects = {

/* Begin PBXBuildFile section */
		DB664D1528427BEC0088749A /* Lichess_opening_explorerApp.swift in Sources */ = {isa = PBXBuildFile; fileRef = DB664D1428427BEC0088749A /* Lichess_opening_explorerApp.swift */; };
		DB664D1728427BEC0088749A /* ContentView.swift in Sources */ = {isa = PBXBuildFile; fileRef = DB664D1628427BEC0088749A /* ContentView.swift */; };
		DB664D1928427BEE0088749A /* Assets.xcassets in Resources */ = {isa = PBXBuildFile; fileRef = DB664D1828427BEE0088749A /* Assets.xcassets */; };
		DB664D1C28427BEE0088749A /* Preview Assets.xcassets in Resources */ = {isa = PBXBuildFile; fileRef = DB664D1B28427BEE0088749A /* Preview Assets.xcassets */; };
		DB664D2328427CA10088749A /* PlayerGameResponse.swift in Sources */ = {isa = PBXBuildFile; fileRef = DB664D2228427CA10088749A /* PlayerGameResponse.swift */; };
		DB664D2528427CBD0088749A /* Networking.swift in Sources */ = {isa = PBXBuildFile; fileRef = DB664D2428427CBD0088749A /* Networking.swift */; };
		DB664D2728427D290088749A /* NeworkingError.swift in Sources */ = {isa = PBXBuildFile; fileRef = DB664D2628427D290088749A /* NeworkingError.swift */; };
		DB664D29284280470088749A /* ContentViewModel.swift in Sources */ = {isa = PBXBuildFile; fileRef = DB664D28284280470088749A /* ContentViewModel.swift */; };
		DB98B4F92847C59200BB466E /* Square.swift in Sources */ = {isa = PBXBuildFile; fileRef = DB98B4F82847C59200BB466E /* Square.swift */; };
		DBAB9F95284E06F400E1CFE4 /* Moves.swift in Sources */ = {isa = PBXBuildFile; fileRef = DBAB9F94284E06F400E1CFE4 /* Moves.swift */; };
		DBAB9F97284E09DC00E1CFE4 /* Array + allIllegal.swift in Sources */ = {isa = PBXBuildFile; fileRef = DBAB9F96284E09DC00E1CFE4 /* Array + allIllegal.swift */; };
		DBAB9F9B284E1A9A00E1CFE4 /* SquareView.swift in Sources */ = {isa = PBXBuildFile; fileRef = DBAB9F9A284E1A9A00E1CFE4 /* SquareView.swift */; };
		DBAB9F9D284E4AB100E1CFE4 /* Array + loadFEN.swift in Sources */ = {isa = PBXBuildFile; fileRef = DBAB9F9C284E4AB000E1CFE4 /* Array + loadFEN.swift */; };
		DBAE573D28451A6300B72B8C /* DatabaseType.swift in Sources */ = {isa = PBXBuildFile; fileRef = DBAE573C28451A6300B72B8C /* DatabaseType.swift */; };
		DBAE573F28451A8500B72B8C /* Chessboard.swift in Sources */ = {isa = PBXBuildFile; fileRef = DBAE573E28451A8500B72B8C /* Chessboard.swift */; };
		DBAE57412845302300B72B8C /* Piece.swift in Sources */ = {isa = PBXBuildFile; fileRef = DBAE57402845302300B72B8C /* Piece.swift */; };
		DBAE5744284530D600B72B8C /* PieceView.swift in Sources */ = {isa = PBXBuildFile; fileRef = DBAE5743284530D600B72B8C /* PieceView.swift */; };
		DBAE57492845343900B72B8C /* Array + loadDefaultFEN.swift in Sources */ = {isa = PBXBuildFile; fileRef = DBAE57482845343900B72B8C /* Array + loadDefaultFEN.swift */; };
		DBAE574B284535C300B72B8C /* ChessboardViewModel.swift in Sources */ = {isa = PBXBuildFile; fileRef = DBAE574A284535C300B72B8C /* ChessboardViewModel.swift */; };
		DBB293F3285E3132002CD543 /* Int + isOnBoard.swift in Sources */ = {isa = PBXBuildFile; fileRef = DBB293F2285E3132002CD543 /* Int + isOnBoard.swift */; };
		DBC0C07C28429B31006AA61A /* Inject in Frameworks */ = {isa = PBXBuildFile; productRef = DBC0C07B28429B31006AA61A /* Inject */; };
		DBFCFF992860C857005626C6 /* Tile.swift in Sources */ = {isa = PBXBuildFile; fileRef = DBFCFF982860C857005626C6 /* Tile.swift */; };
/* End PBXBuildFile section */

/* Begin PBXFileReference section */
		DB664D1128427BEC0088749A /* Lichess opening explorer.app */ = {isa = PBXFileReference; explicitFileType = wrapper.application; includeInIndex = 0; path = "Lichess opening explorer.app"; sourceTree = BUILT_PRODUCTS_DIR; };
		DB664D1428427BEC0088749A /* Lichess_opening_explorerApp.swift */ = {isa = PBXFileReference; lastKnownFileType = sourcecode.swift; path = Lichess_opening_explorerApp.swift; sourceTree = "<group>"; };
		DB664D1628427BEC0088749A /* ContentView.swift */ = {isa = PBXFileReference; lastKnownFileType = sourcecode.swift; path = ContentView.swift; sourceTree = "<group>"; };
		DB664D1828427BEE0088749A /* Assets.xcassets */ = {isa = PBXFileReference; lastKnownFileType = folder.assetcatalog; path = Assets.xcassets; sourceTree = "<group>"; };
		DB664D1B28427BEE0088749A /* Preview Assets.xcassets */ = {isa = PBXFileReference; lastKnownFileType = folder.assetcatalog; path = "Preview Assets.xcassets"; sourceTree = "<group>"; };
		DB664D2228427CA10088749A /* PlayerGameResponse.swift */ = {isa = PBXFileReference; lastKnownFileType = sourcecode.swift; path = PlayerGameResponse.swift; sourceTree = "<group>"; };
		DB664D2428427CBD0088749A /* Networking.swift */ = {isa = PBXFileReference; lastKnownFileType = sourcecode.swift; path = Networking.swift; sourceTree = "<group>"; };
		DB664D2628427D290088749A /* NeworkingError.swift */ = {isa = PBXFileReference; lastKnownFileType = sourcecode.swift; path = NeworkingError.swift; sourceTree = "<group>"; };
		DB664D28284280470088749A /* ContentViewModel.swift */ = {isa = PBXFileReference; lastKnownFileType = sourcecode.swift; path = ContentViewModel.swift; sourceTree = "<group>"; };
		DB98B4F82847C59200BB466E /* Square.swift */ = {isa = PBXFileReference; lastKnownFileType = sourcecode.swift; path = Square.swift; sourceTree = "<group>"; };
		DBAB9F94284E06F400E1CFE4 /* Moves.swift */ = {isa = PBXFileReference; lastKnownFileType = sourcecode.swift; path = Moves.swift; sourceTree = "<group>"; };
		DBAB9F96284E09DC00E1CFE4 /* Array + allIllegal.swift */ = {isa = PBXFileReference; lastKnownFileType = sourcecode.swift; path = "Array + allIllegal.swift"; sourceTree = "<group>"; };
		DBAB9F9A284E1A9A00E1CFE4 /* SquareView.swift */ = {isa = PBXFileReference; lastKnownFileType = sourcecode.swift; path = SquareView.swift; sourceTree = "<group>"; };
		DBAB9F9C284E4AB000E1CFE4 /* Array + loadFEN.swift */ = {isa = PBXFileReference; lastKnownFileType = sourcecode.swift; path = "Array + loadFEN.swift"; sourceTree = "<group>"; };
		DBAE573C28451A6300B72B8C /* DatabaseType.swift */ = {isa = PBXFileReference; lastKnownFileType = sourcecode.swift; path = DatabaseType.swift; sourceTree = "<group>"; };
		DBAE573E28451A8500B72B8C /* Chessboard.swift */ = {isa = PBXFileReference; lastKnownFileType = sourcecode.swift; path = Chessboard.swift; sourceTree = "<group>"; };
		DBAE57402845302300B72B8C /* Piece.swift */ = {isa = PBXFileReference; lastKnownFileType = sourcecode.swift; path = Piece.swift; sourceTree = "<group>"; };
		DBAE5743284530D600B72B8C /* PieceView.swift */ = {isa = PBXFileReference; lastKnownFileType = sourcecode.swift; path = PieceView.swift; sourceTree = "<group>"; };
		DBAE57482845343900B72B8C /* Array + loadDefaultFEN.swift */ = {isa = PBXFileReference; lastKnownFileType = sourcecode.swift; path = "Array + loadDefaultFEN.swift"; sourceTree = "<group>"; };
		DBAE574A284535C300B72B8C /* ChessboardViewModel.swift */ = {isa = PBXFileReference; lastKnownFileType = sourcecode.swift; path = ChessboardViewModel.swift; sourceTree = "<group>"; };
		DBB293F2285E3132002CD543 /* Int + isOnBoard.swift */ = {isa = PBXFileReference; lastKnownFileType = sourcecode.swift; path = "Int + isOnBoard.swift"; sourceTree = "<group>"; };
		DBFCFF982860C857005626C6 /* Tile.swift */ = {isa = PBXFileReference; lastKnownFileType = sourcecode.swift; path = Tile.swift; sourceTree = "<group>"; };
/* End PBXFileReference section */

/* Begin PBXFrameworksBuildPhase section */
		DB664D0E28427BEC0088749A /* Frameworks */ = {
			isa = PBXFrameworksBuildPhase;
			buildActionMask = 2147483647;
			files = (
				DBC0C07C28429B31006AA61A /* Inject in Frameworks */,
			);
			runOnlyForDeploymentPostprocessing = 0;
		};
/* End PBXFrameworksBuildPhase section */

/* Begin PBXGroup section */
		DB664D0828427BEC0088749A = {
			isa = PBXGroup;
			children = (
				DB664D1328427BEC0088749A /* Lichess opening explorer */,
				DB664D1228427BEC0088749A /* Products */,
			);
			sourceTree = "<group>";
		};
		DB664D1228427BEC0088749A /* Products */ = {
			isa = PBXGroup;
			children = (
				DB664D1128427BEC0088749A /* Lichess opening explorer.app */,
			);
			name = Products;
			sourceTree = "<group>";
		};
		DB664D1328427BEC0088749A /* Lichess opening explorer */ = {
			isa = PBXGroup;
			children = (
				DB664D1428427BEC0088749A /* Lichess_opening_explorerApp.swift */,
				DBAE573A28451A2900B72B8C /* Analysis */,
				DBAE573928451A1E00B72B8C /* Board */,
				DBAE573B28451A3400B72B8C /* Models */,
				DBAE57452845341100B72B8C /* Networking */,
				DBAE57462845341C00B72B8C /* Utility */,
				DB664D1828427BEE0088749A /* Assets.xcassets */,
				DB664D1A28427BEE0088749A /* Preview Content */,
			);
			path = "Lichess opening explorer";
			sourceTree = "<group>";
		};
		DB664D1A28427BEE0088749A /* Preview Content */ = {
			isa = PBXGroup;
			children = (
				DB664D1B28427BEE0088749A /* Preview Assets.xcassets */,
			);
			path = "Preview Content";
			sourceTree = "<group>";
		};
		DBAB9F91284E006A00E1CFE4 /* Constants */ = {
			isa = PBXGroup;
			children = (
				DBAB9F94284E06F400E1CFE4 /* Moves.swift */,
			);
			path = Constants;
			sourceTree = "<group>";
		};
		DBAE573928451A1E00B72B8C /* Board */ = {
			isa = PBXGroup;
			children = (
				DBAE573E28451A8500B72B8C /* Chessboard.swift */,
				DBAE574A284535C300B72B8C /* ChessboardViewModel.swift */,
				DBAE5742284530CC00B72B8C /* Subviews */,
			);
			path = Board;
			sourceTree = "<group>";
		};
		DBAE573A28451A2900B72B8C /* Analysis */ = {
			isa = PBXGroup;
			children = (
				DB664D1628427BEC0088749A /* ContentView.swift */,
				DB664D28284280470088749A /* ContentViewModel.swift */,
			);
			path = Analysis;
			sourceTree = "<group>";
		};
		DBAE573B28451A3400B72B8C /* Models */ = {
			isa = PBXGroup;
			children = (
				DB664D2228427CA10088749A /* PlayerGameResponse.swift */,
				DB664D2628427D290088749A /* NeworkingError.swift */,
				DBAE573C28451A6300B72B8C /* DatabaseType.swift */,
				DBAE57402845302300B72B8C /* Piece.swift */,
				DBFCFF982860C857005626C6 /* Tile.swift */,
				DB98B4F82847C59200BB466E /* Square.swift */,
			);
			path = Models;
			sourceTree = "<group>";
		};
		DBAE5742284530CC00B72B8C /* Subviews */ = {
			isa = PBXGroup;
			children = (
				DBAE5743284530D600B72B8C /* PieceView.swift */,
				DBAB9F9A284E1A9A00E1CFE4 /* SquareView.swift */,
			);
			path = Subviews;
			sourceTree = "<group>";
		};
		DBAE57452845341100B72B8C /* Networking */ = {
			isa = PBXGroup;
			children = (
				DB664D2428427CBD0088749A /* Networking.swift */,
			);
			path = Networking;
			sourceTree = "<group>";
		};
		DBAE57462845341C00B72B8C /* Utility */ = {
			isa = PBXGroup;
			children = (
				DBAB9F91284E006A00E1CFE4 /* Constants */,
				DBAE57472845342400B72B8C /* Extensions */,
			);
			path = Utility;
			sourceTree = "<group>";
		};
		DBAE57472845342400B72B8C /* Extensions */ = {
			isa = PBXGroup;
			children = (
				DBAE57482845343900B72B8C /* Array + loadDefaultFEN.swift */,
				DBAB9F96284E09DC00E1CFE4 /* Array + allIllegal.swift */,
				DBB293F2285E3132002CD543 /* Int + isOnBoard.swift */,
				DBAB9F9C284E4AB000E1CFE4 /* Array + loadFEN.swift */,
			);
			path = Extensions;
			sourceTree = "<group>";
		};
/* End PBXGroup section */

/* Begin PBXNativeTarget section */
		DB664D1028427BEC0088749A /* Lichess opening explorer */ = {
			isa = PBXNativeTarget;
			buildConfigurationList = DB664D1F28427BEE0088749A /* Build configuration list for PBXNativeTarget "Lichess opening explorer" */;
			buildPhases = (
				DB664D0D28427BEC0088749A /* Sources */,
				DB664D0E28427BEC0088749A /* Frameworks */,
				DB664D0F28427BEC0088749A /* Resources */,
			);
			buildRules = (
			);
			dependencies = (
			);
			name = "Lichess opening explorer";
			packageProductDependencies = (
				DBC0C07B28429B31006AA61A /* Inject */,
			);
			productName = "Lichess opening explorer";
			productReference = DB664D1128427BEC0088749A /* Lichess opening explorer.app */;
			productType = "com.apple.product-type.application";
		};
/* End PBXNativeTarget section */

/* Begin PBXProject section */
		DB664D0928427BEC0088749A /* Project object */ = {
			isa = PBXProject;
			attributes = {
				BuildIndependentTargetsInParallel = 1;
				LastSwiftUpdateCheck = 1330;
				LastUpgradeCheck = 1330;
				TargetAttributes = {
					DB664D1028427BEC0088749A = {
						CreatedOnToolsVersion = 13.3.1;
					};
				};
			};
			buildConfigurationList = DB664D0C28427BEC0088749A /* Build configuration list for PBXProject "Lichess opening explorer" */;
			compatibilityVersion = "Xcode 13.0";
			developmentRegion = en;
			hasScannedForEncodings = 0;
			knownRegions = (
				en,
				Base,
			);
			mainGroup = DB664D0828427BEC0088749A;
			packageReferences = (
				DBC0C07A28429B31006AA61A /* XCRemoteSwiftPackageReference "Inject" */,
			);
			productRefGroup = DB664D1228427BEC0088749A /* Products */;
			projectDirPath = "";
			projectRoot = "";
			targets = (
				DB664D1028427BEC0088749A /* Lichess opening explorer */,
			);
		};
/* End PBXProject section */

/* Begin PBXResourcesBuildPhase section */
		DB664D0F28427BEC0088749A /* Resources */ = {
			isa = PBXResourcesBuildPhase;
			buildActionMask = 2147483647;
			files = (
				DB664D1C28427BEE0088749A /* Preview Assets.xcassets in Resources */,
				DB664D1928427BEE0088749A /* Assets.xcassets in Resources */,
			);
			runOnlyForDeploymentPostprocessing = 0;
		};
/* End PBXResourcesBuildPhase section */

/* Begin PBXSourcesBuildPhase section */
		DB664D0D28427BEC0088749A /* Sources */ = {
			isa = PBXSourcesBuildPhase;
			buildActionMask = 2147483647;
			files = (
				DBAB9F97284E09DC00E1CFE4 /* Array + allIllegal.swift in Sources */,
				DBAB9F95284E06F400E1CFE4 /* Moves.swift in Sources */,
				DB664D1728427BEC0088749A /* ContentView.swift in Sources */,
				DBAE573F28451A8500B72B8C /* Chessboard.swift in Sources */,
				DB664D2328427CA10088749A /* PlayerGameResponse.swift in Sources */,
				DB664D29284280470088749A /* ContentViewModel.swift in Sources */,
				DBAE57492845343900B72B8C /* Array + loadDefaultFEN.swift in Sources */,
				DBFCFF992860C857005626C6 /* Tile.swift in Sources */,
				DB664D1528427BEC0088749A /* Lichess_opening_explorerApp.swift in Sources */,
				DBAE574B284535C300B72B8C /* ChessboardViewModel.swift in Sources */,
				DB98B4F92847C59200BB466E /* Square.swift in Sources */,
				DBAE5744284530D600B72B8C /* PieceView.swift in Sources */,
				DBAE57412845302300B72B8C /* Piece.swift in Sources */,
				DBAB9F9B284E1A9A00E1CFE4 /* SquareView.swift in Sources */,
				DB664D2528427CBD0088749A /* Networking.swift in Sources */,
				DBB293F3285E3132002CD543 /* Int + isOnBoard.swift in Sources */,
				DBAB9F9D284E4AB100E1CFE4 /* Array + loadFEN.swift in Sources */,
				DBAE573D28451A6300B72B8C /* DatabaseType.swift in Sources */,
				DB664D2728427D290088749A /* NeworkingError.swift in Sources */,
			);
			runOnlyForDeploymentPostprocessing = 0;
		};
/* End PBXSourcesBuildPhase section */

/* Begin XCBuildConfiguration section */
		DB664D1D28427BEE0088749A /* Debug */ = {
			isa = XCBuildConfiguration;
			buildSettings = {
				ALWAYS_SEARCH_USER_PATHS = NO;
				CLANG_ANALYZER_NONNULL = YES;
				CLANG_ANALYZER_NUMBER_OBJECT_CONVERSION = YES_AGGRESSIVE;
				CLANG_CXX_LANGUAGE_STANDARD = "gnu++17";
				CLANG_ENABLE_MODULES = YES;
				CLANG_ENABLE_OBJC_ARC = YES;
				CLANG_ENABLE_OBJC_WEAK = YES;
				CLANG_WARN_BLOCK_CAPTURE_AUTORELEASING = YES;
				CLANG_WARN_BOOL_CONVERSION = YES;
				CLANG_WARN_COMMA = YES;
				CLANG_WARN_CONSTANT_CONVERSION = YES;
				CLANG_WARN_DEPRECATED_OBJC_IMPLEMENTATIONS = YES;
				CLANG_WARN_DIRECT_OBJC_ISA_USAGE = YES_ERROR;
				CLANG_WARN_DOCUMENTATION_COMMENTS = YES;
				CLANG_WARN_EMPTY_BODY = YES;
				CLANG_WARN_ENUM_CONVERSION = YES;
				CLANG_WARN_INFINITE_RECURSION = YES;
				CLANG_WARN_INT_CONVERSION = YES;
				CLANG_WARN_NON_LITERAL_NULL_CONVERSION = YES;
				CLANG_WARN_OBJC_IMPLICIT_RETAIN_SELF = YES;
				CLANG_WARN_OBJC_LITERAL_CONVERSION = YES;
				CLANG_WARN_OBJC_ROOT_CLASS = YES_ERROR;
				CLANG_WARN_QUOTED_INCLUDE_IN_FRAMEWORK_HEADER = YES;
				CLANG_WARN_RANGE_LOOP_ANALYSIS = YES;
				CLANG_WARN_STRICT_PROTOTYPES = YES;
				CLANG_WARN_SUSPICIOUS_MOVE = YES;
				CLANG_WARN_UNGUARDED_AVAILABILITY = YES_AGGRESSIVE;
				CLANG_WARN_UNREACHABLE_CODE = YES;
				CLANG_WARN__DUPLICATE_METHOD_MATCH = YES;
				COPY_PHASE_STRIP = NO;
				DEBUG_INFORMATION_FORMAT = dwarf;
				ENABLE_STRICT_OBJC_MSGSEND = YES;
				ENABLE_TESTABILITY = YES;
				GCC_C_LANGUAGE_STANDARD = gnu11;
				GCC_DYNAMIC_NO_PIC = NO;
				GCC_NO_COMMON_BLOCKS = YES;
				GCC_OPTIMIZATION_LEVEL = 0;
				GCC_PREPROCESSOR_DEFINITIONS = (
					"DEBUG=1",
					"$(inherited)",
				);
				GCC_WARN_64_TO_32_BIT_CONVERSION = YES;
				GCC_WARN_ABOUT_RETURN_TYPE = YES_ERROR;
				GCC_WARN_UNDECLARED_SELECTOR = YES;
				GCC_WARN_UNINITIALIZED_AUTOS = YES_AGGRESSIVE;
				GCC_WARN_UNUSED_FUNCTION = YES;
				GCC_WARN_UNUSED_VARIABLE = YES;
				IPHONEOS_DEPLOYMENT_TARGET = 15.4;
				MTL_ENABLE_DEBUG_INFO = INCLUDE_SOURCE;
				MTL_FAST_MATH = YES;
				ONLY_ACTIVE_ARCH = YES;
				SDKROOT = iphoneos;
				SWIFT_ACTIVE_COMPILATION_CONDITIONS = DEBUG;
				SWIFT_OPTIMIZATION_LEVEL = "-Onone";
			};
			name = Debug;
		};
		DB664D1E28427BEE0088749A /* Release */ = {
			isa = XCBuildConfiguration;
			buildSettings = {
				ALWAYS_SEARCH_USER_PATHS = NO;
				CLANG_ANALYZER_NONNULL = YES;
				CLANG_ANALYZER_NUMBER_OBJECT_CONVERSION = YES_AGGRESSIVE;
				CLANG_CXX_LANGUAGE_STANDARD = "gnu++17";
				CLANG_ENABLE_MODULES = YES;
				CLANG_ENABLE_OBJC_ARC = YES;
				CLANG_ENABLE_OBJC_WEAK = YES;
				CLANG_WARN_BLOCK_CAPTURE_AUTORELEASING = YES;
				CLANG_WARN_BOOL_CONVERSION = YES;
				CLANG_WARN_COMMA = YES;
				CLANG_WARN_CONSTANT_CONVERSION = YES;
				CLANG_WARN_DEPRECATED_OBJC_IMPLEMENTATIONS = YES;
				CLANG_WARN_DIRECT_OBJC_ISA_USAGE = YES_ERROR;
				CLANG_WARN_DOCUMENTATION_COMMENTS = YES;
				CLANG_WARN_EMPTY_BODY = YES;
				CLANG_WARN_ENUM_CONVERSION = YES;
				CLANG_WARN_INFINITE_RECURSION = YES;
				CLANG_WARN_INT_CONVERSION = YES;
				CLANG_WARN_NON_LITERAL_NULL_CONVERSION = YES;
				CLANG_WARN_OBJC_IMPLICIT_RETAIN_SELF = YES;
				CLANG_WARN_OBJC_LITERAL_CONVERSION = YES;
				CLANG_WARN_OBJC_ROOT_CLASS = YES_ERROR;
				CLANG_WARN_QUOTED_INCLUDE_IN_FRAMEWORK_HEADER = YES;
				CLANG_WARN_RANGE_LOOP_ANALYSIS = YES;
				CLANG_WARN_STRICT_PROTOTYPES = YES;
				CLANG_WARN_SUSPICIOUS_MOVE = YES;
				CLANG_WARN_UNGUARDED_AVAILABILITY = YES_AGGRESSIVE;
				CLANG_WARN_UNREACHABLE_CODE = YES;
				CLANG_WARN__DUPLICATE_METHOD_MATCH = YES;
				COPY_PHASE_STRIP = NO;
				DEBUG_INFORMATION_FORMAT = "dwarf-with-dsym";
				ENABLE_NS_ASSERTIONS = NO;
				ENABLE_STRICT_OBJC_MSGSEND = YES;
				GCC_C_LANGUAGE_STANDARD = gnu11;
				GCC_NO_COMMON_BLOCKS = YES;
				GCC_WARN_64_TO_32_BIT_CONVERSION = YES;
				GCC_WARN_ABOUT_RETURN_TYPE = YES_ERROR;
				GCC_WARN_UNDECLARED_SELECTOR = YES;
				GCC_WARN_UNINITIALIZED_AUTOS = YES_AGGRESSIVE;
				GCC_WARN_UNUSED_FUNCTION = YES;
				GCC_WARN_UNUSED_VARIABLE = YES;
				IPHONEOS_DEPLOYMENT_TARGET = 15.4;
				MTL_ENABLE_DEBUG_INFO = NO;
				MTL_FAST_MATH = YES;
				SDKROOT = iphoneos;
				SWIFT_COMPILATION_MODE = wholemodule;
				SWIFT_OPTIMIZATION_LEVEL = "-O";
				VALIDATE_PRODUCT = YES;
			};
			name = Release;
		};
		DB664D2028427BEE0088749A /* Debug */ = {
			isa = XCBuildConfiguration;
			buildSettings = {
				ASSETCATALOG_COMPILER_APPICON_NAME = AppIcon;
				ASSETCATALOG_COMPILER_GLOBAL_ACCENT_COLOR_NAME = AccentColor;
				CODE_SIGN_STYLE = Automatic;
				CURRENT_PROJECT_VERSION = 1;
				DEVELOPMENT_ASSET_PATHS = "\"Lichess opening explorer/Preview Content\"";
				DEVELOPMENT_TEAM = M6XMZXCXD3;
				ENABLE_PREVIEWS = YES;
				GENERATE_INFOPLIST_FILE = YES;
				INFOPLIST_KEY_UIApplicationSceneManifest_Generation = YES;
				INFOPLIST_KEY_UIApplicationSupportsIndirectInputEvents = YES;
				INFOPLIST_KEY_UILaunchScreen_Generation = YES;
				INFOPLIST_KEY_UISupportedInterfaceOrientations = "UIInterfaceOrientationPortrait UIInterfaceOrientationPortraitUpsideDown";
				INFOPLIST_KEY_UISupportedInterfaceOrientations_iPad = "UIInterfaceOrientationPortrait UIInterfaceOrientationPortraitUpsideDown UIInterfaceOrientationLandscapeLeft UIInterfaceOrientationLandscapeRight";
				INFOPLIST_KEY_UISupportedInterfaceOrientations_iPhone = "UIInterfaceOrientationPortrait UIInterfaceOrientationLandscapeLeft UIInterfaceOrientationLandscapeRight";
				LD_RUNPATH_SEARCH_PATHS = (
					"$(inherited)",
					"@executable_path/Frameworks",
				);
				MARKETING_VERSION = 1.0;
				PRODUCT_BUNDLE_IDENTIFIER = "com.AcRichter.Lichess-opening-explorer";
				PRODUCT_NAME = "$(TARGET_NAME)";
				SWIFT_EMIT_LOC_STRINGS = YES;
				SWIFT_VERSION = 5.0;
				TARGETED_DEVICE_FAMILY = 1;
			};
			name = Debug;
		};
		DB664D2128427BEE0088749A /* Release */ = {
			isa = XCBuildConfiguration;
			buildSettings = {
				ASSETCATALOG_COMPILER_APPICON_NAME = AppIcon;
				ASSETCATALOG_COMPILER_GLOBAL_ACCENT_COLOR_NAME = AccentColor;
				CODE_SIGN_STYLE = Automatic;
				CURRENT_PROJECT_VERSION = 1;
				DEVELOPMENT_ASSET_PATHS = "\"Lichess opening explorer/Preview Content\"";
				DEVELOPMENT_TEAM = M6XMZXCXD3;
				ENABLE_PREVIEWS = YES;
				GENERATE_INFOPLIST_FILE = YES;
				INFOPLIST_KEY_UIApplicationSceneManifest_Generation = YES;
				INFOPLIST_KEY_UIApplicationSupportsIndirectInputEvents = YES;
				INFOPLIST_KEY_UILaunchScreen_Generation = YES;
				INFOPLIST_KEY_UISupportedInterfaceOrientations = "UIInterfaceOrientationPortrait UIInterfaceOrientationPortraitUpsideDown";
				INFOPLIST_KEY_UISupportedInterfaceOrientations_iPad = "UIInterfaceOrientationPortrait UIInterfaceOrientationPortraitUpsideDown UIInterfaceOrientationLandscapeLeft UIInterfaceOrientationLandscapeRight";
				INFOPLIST_KEY_UISupportedInterfaceOrientations_iPhone = "UIInterfaceOrientationPortrait UIInterfaceOrientationLandscapeLeft UIInterfaceOrientationLandscapeRight";
				LD_RUNPATH_SEARCH_PATHS = (
					"$(inherited)",
					"@executable_path/Frameworks",
				);
				MARKETING_VERSION = 1.0;
				PRODUCT_BUNDLE_IDENTIFIER = "com.AcRichter.Lichess-opening-explorer";
				PRODUCT_NAME = "$(TARGET_NAME)";
				SWIFT_EMIT_LOC_STRINGS = YES;
				SWIFT_VERSION = 5.0;
				TARGETED_DEVICE_FAMILY = 1;
			};
			name = Release;
		};
/* End XCBuildConfiguration section */

/* Begin XCConfigurationList section */
		DB664D0C28427BEC0088749A /* Build configuration list for PBXProject "Lichess opening explorer" */ = {
			isa = XCConfigurationList;
			buildConfigurations = (
				DB664D1D28427BEE0088749A /* Debug */,
				DB664D1E28427BEE0088749A /* Release */,
			);
			defaultConfigurationIsVisible = 0;
			defaultConfigurationName = Release;
		};
		DB664D1F28427BEE0088749A /* Build configuration list for PBXNativeTarget "Lichess opening explorer" */ = {
			isa = XCConfigurationList;
			buildConfigurations = (
				DB664D2028427BEE0088749A /* Debug */,
				DB664D2128427BEE0088749A /* Release */,
			);
			defaultConfigurationIsVisible = 0;
			defaultConfigurationName = Release;
		};
/* End XCConfigurationList section */

/* Begin XCRemoteSwiftPackageReference section */
		DBC0C07A28429B31006AA61A /* XCRemoteSwiftPackageReference "Inject" */ = {
			isa = XCRemoteSwiftPackageReference;
			repositoryURL = "https://github.com/krzysztofzablocki/Inject.git";
			requirement = {
				branch = main;
				kind = branch;
			};
		};
/* End XCRemoteSwiftPackageReference section */

/* Begin XCSwiftPackageProductDependency section */
		DBC0C07B28429B31006AA61A /* Inject */ = {
			isa = XCSwiftPackageProductDependency;
			package = DBC0C07A28429B31006AA61A /* XCRemoteSwiftPackageReference "Inject" */;
			productName = Inject;
		};
/* End XCSwiftPackageProductDependency section */
	};
	rootObject = DB664D0928427BEC0088749A /* Project object */;
}
